// !$*UTF8*$!
{
	archiveVersion = 1;
	classes = {
	};
	objectVersion = 51;
	objects = {

/* Begin PBXBuildFile section */
		1C3403F8FDD3737E61D6BDB0 /* Pods_watchOS_heartrate_WatchKit_Extension.framework in Frameworks */ = {isa = PBXBuildFile; fileRef = 8854A9BBE480E44E907D555C /* Pods_watchOS_heartrate_WatchKit_Extension.framework */; };
		519D49FF25473B54005F813D /* GoogleService-Info.plist in Resources */ = {isa = PBXBuildFile; fileRef = 519D49FE25473B54005F813D /* GoogleService-Info.plist */; };
		519D4A0025473B54005F813D /* GoogleService-Info.plist in Resources */ = {isa = PBXBuildFile; fileRef = 519D49FE25473B54005F813D /* GoogleService-Info.plist */; };
		519D4A0125473B54005F813D /* GoogleService-Info.plist in Resources */ = {isa = PBXBuildFile; fileRef = 519D49FE25473B54005F813D /* GoogleService-Info.plist */; };
		E3782EE02465AA5A00F0D996 /* watchOS-heartrate WatchKit App.app in Embed Watch Content */ = {isa = PBXBuildFile; fileRef = E3782EDF2465AA5A00F0D996 /* watchOS-heartrate WatchKit App.app */; settings = {ATTRIBUTES = (RemoveHeadersOnCopy, ); }; };
		E3782EE62465AA5A00F0D996 /* Interface.storyboard in Resources */ = {isa = PBXBuildFile; fileRef = E3782EE42465AA5A00F0D996 /* Interface.storyboard */; };
		E3782EE82465AA5B00F0D996 /* Assets.xcassets in Resources */ = {isa = PBXBuildFile; fileRef = E3782EE72465AA5B00F0D996 /* Assets.xcassets */; };
		E3782EEF2465AA5B00F0D996 /* watchOS-heartrate WatchKit Extension.appex in Embed App Extensions */ = {isa = PBXBuildFile; fileRef = E3782EEE2465AA5B00F0D996 /* watchOS-heartrate WatchKit Extension.appex */; settings = {ATTRIBUTES = (RemoveHeadersOnCopy, ); }; };
		E3782EF42465AA5B00F0D996 /* InterfaceController.swift in Sources */ = {isa = PBXBuildFile; fileRef = E3782EF32465AA5B00F0D996 /* InterfaceController.swift */; };
		E3782EF62465AA5B00F0D996 /* ExtensionDelegate.swift in Sources */ = {isa = PBXBuildFile; fileRef = E3782EF52465AA5B00F0D996 /* ExtensionDelegate.swift */; };
		E3782EF82465AA5B00F0D996 /* NotificationController.swift in Sources */ = {isa = PBXBuildFile; fileRef = E3782EF72465AA5B00F0D996 /* NotificationController.swift */; };
		E3782EFA2465AA5B00F0D996 /* Assets.xcassets in Resources */ = {isa = PBXBuildFile; fileRef = E3782EF92465AA5B00F0D996 /* Assets.xcassets */; };
		E3782F0D2465AD5900F0D996 /* HealthKit.framework in Frameworks */ = {isa = PBXBuildFile; fileRef = E3782F0C2465AD5900F0D996 /* HealthKit.framework */; };
/* End PBXBuildFile section */

/* Begin PBXContainerItemProxy section */
		E3782EE12465AA5A00F0D996 /* PBXContainerItemProxy */ = {
			isa = PBXContainerItemProxy;
			containerPortal = E3782ED52465AA5A00F0D996 /* Project object */;
			proxyType = 1;
			remoteGlobalIDString = E3782EDE2465AA5A00F0D996;
			remoteInfo = "watchOS-heartrate WatchKit App";
		};
		E3782EF02465AA5B00F0D996 /* PBXContainerItemProxy */ = {
			isa = PBXContainerItemProxy;
			containerPortal = E3782ED52465AA5A00F0D996 /* Project object */;
			proxyType = 1;
			remoteGlobalIDString = E3782EED2465AA5B00F0D996;
			remoteInfo = "watchOS-heartrate WatchKit Extension";
		};
/* End PBXContainerItemProxy section */

/* Begin PBXCopyFilesBuildPhase section */
		E3782F022465AA5B00F0D996 /* Embed App Extensions */ = {
			isa = PBXCopyFilesBuildPhase;
			buildActionMask = 2147483647;
			dstPath = "";
			dstSubfolderSpec = 13;
			files = (
				E3782EEF2465AA5B00F0D996 /* watchOS-heartrate WatchKit Extension.appex in Embed App Extensions */,
			);
			name = "Embed App Extensions";
			runOnlyForDeploymentPostprocessing = 0;
		};
		E3782F062465AA5B00F0D996 /* Embed Watch Content */ = {
			isa = PBXCopyFilesBuildPhase;
			buildActionMask = 2147483647;
			dstPath = "$(CONTENTS_FOLDER_PATH)/Watch";
			dstSubfolderSpec = 16;
			files = (
				E3782EE02465AA5A00F0D996 /* watchOS-heartrate WatchKit App.app in Embed Watch Content */,
			);
			name = "Embed Watch Content";
			runOnlyForDeploymentPostprocessing = 0;
		};
/* End PBXCopyFilesBuildPhase section */

/* Begin PBXFileReference section */
		0AE8F120073A0421B1EEDD06 /* Pods-watchOS-heartrate WatchKit Extension.release.xcconfig */ = {isa = PBXFileReference; includeInIndex = 1; lastKnownFileType = text.xcconfig; name = "Pods-watchOS-heartrate WatchKit Extension.release.xcconfig"; path = "Target Support Files/Pods-watchOS-heartrate WatchKit Extension/Pods-watchOS-heartrate WatchKit Extension.release.xcconfig"; sourceTree = "<group>"; };
		29EA075FFAA930E58A44DF25 /* Pods-watchOS-heartrate WatchKit Extension.debug.xcconfig */ = {isa = PBXFileReference; includeInIndex = 1; lastKnownFileType = text.xcconfig; name = "Pods-watchOS-heartrate WatchKit Extension.debug.xcconfig"; path = "Target Support Files/Pods-watchOS-heartrate WatchKit Extension/Pods-watchOS-heartrate WatchKit Extension.debug.xcconfig"; sourceTree = "<group>"; };
		519D49FE25473B54005F813D /* GoogleService-Info.plist */ = {isa = PBXFileReference; fileEncoding = 4; lastKnownFileType = text.plist.xml; name = "GoogleService-Info.plist"; path = "../../Downloads/GoogleService-Info.plist"; sourceTree = "<group>"; };
		8854A9BBE480E44E907D555C /* Pods_watchOS_heartrate_WatchKit_Extension.framework */ = {isa = PBXFileReference; explicitFileType = wrapper.framework; includeInIndex = 0; path = Pods_watchOS_heartrate_WatchKit_Extension.framework; sourceTree = BUILT_PRODUCTS_DIR; };
		E3782EDB2465AA5A00F0D996 /* watchOS-heartrate.app */ = {isa = PBXFileReference; explicitFileType = wrapper.application; includeInIndex = 0; path = "watchOS-heartrate.app"; sourceTree = BUILT_PRODUCTS_DIR; };
		E3782EDF2465AA5A00F0D996 /* watchOS-heartrate WatchKit App.app */ = {isa = PBXFileReference; explicitFileType = wrapper.application; includeInIndex = 0; path = "watchOS-heartrate WatchKit App.app"; sourceTree = BUILT_PRODUCTS_DIR; };
		E3782EE52465AA5A00F0D996 /* Base */ = {isa = PBXFileReference; lastKnownFileType = file.storyboard; name = Base; path = Base.lproj/Interface.storyboard; sourceTree = "<group>"; };
		E3782EE72465AA5B00F0D996 /* Assets.xcassets */ = {isa = PBXFileReference; lastKnownFileType = folder.assetcatalog; path = Assets.xcassets; sourceTree = "<group>"; };
		E3782EE92465AA5B00F0D996 /* Info.plist */ = {isa = PBXFileReference; lastKnownFileType = text.plist.xml; path = Info.plist; sourceTree = "<group>"; };
		E3782EEE2465AA5B00F0D996 /* watchOS-heartrate WatchKit Extension.appex */ = {isa = PBXFileReference; explicitFileType = "wrapper.app-extension"; includeInIndex = 0; path = "watchOS-heartrate WatchKit Extension.appex"; sourceTree = BUILT_PRODUCTS_DIR; };
		E3782EF32465AA5B00F0D996 /* InterfaceController.swift */ = {isa = PBXFileReference; lastKnownFileType = sourcecode.swift; path = InterfaceController.swift; sourceTree = "<group>"; };
		E3782EF52465AA5B00F0D996 /* ExtensionDelegate.swift */ = {isa = PBXFileReference; lastKnownFileType = sourcecode.swift; path = ExtensionDelegate.swift; sourceTree = "<group>"; };
		E3782EF72465AA5B00F0D996 /* NotificationController.swift */ = {isa = PBXFileReference; lastKnownFileType = sourcecode.swift; path = NotificationController.swift; sourceTree = "<group>"; };
		E3782EF92465AA5B00F0D996 /* Assets.xcassets */ = {isa = PBXFileReference; lastKnownFileType = folder.assetcatalog; path = Assets.xcassets; sourceTree = "<group>"; };
		E3782EFB2465AA5B00F0D996 /* Info.plist */ = {isa = PBXFileReference; lastKnownFileType = text.plist.xml; path = Info.plist; sourceTree = "<group>"; };
		E3782EFC2465AA5B00F0D996 /* PushNotificationPayload.apns */ = {isa = PBXFileReference; lastKnownFileType = text; path = PushNotificationPayload.apns; sourceTree = "<group>"; };
		E3782F0A2465AD5900F0D996 /* watchOS-heartrate WatchKit Extension.entitlements */ = {isa = PBXFileReference; lastKnownFileType = text.plist.entitlements; path = "watchOS-heartrate WatchKit Extension.entitlements"; sourceTree = "<group>"; };
		E3782F0C2465AD5900F0D996 /* HealthKit.framework */ = {isa = PBXFileReference; lastKnownFileType = wrapper.framework; name = HealthKit.framework; path = Platforms/WatchOS.platform/Developer/SDKs/WatchOS6.2.sdk/System/Library/Frameworks/HealthKit.framework; sourceTree = DEVELOPER_DIR; };
/* End PBXFileReference section */

/* Begin PBXFrameworksBuildPhase section */
		7078E546DA7DDF6FC1168A2B /* Frameworks */ = {
			isa = PBXFrameworksBuildPhase;
			buildActionMask = 2147483647;
			files = (
			);
			runOnlyForDeploymentPostprocessing = 0;
		};
		D21A42FECD817B94B4073F43 /* Frameworks */ = {
			isa = PBXFrameworksBuildPhase;
			buildActionMask = 2147483647;
			files = (
			);
			runOnlyForDeploymentPostprocessing = 0;
		};
		E3782EEB2465AA5B00F0D996 /* Frameworks */ = {
			isa = PBXFrameworksBuildPhase;
			buildActionMask = 2147483647;
			files = (
				E3782F0D2465AD5900F0D996 /* HealthKit.framework in Frameworks */,
				1C3403F8FDD3737E61D6BDB0 /* Pods_watchOS_heartrate_WatchKit_Extension.framework in Frameworks */,
			);
			runOnlyForDeploymentPostprocessing = 0;
		};
/* End PBXFrameworksBuildPhase section */

/* Begin PBXGroup section */
		AFDD7113C543EFDEA2C90465 /* Pods */ = {
			isa = PBXGroup;
			children = (
				29EA075FFAA930E58A44DF25 /* Pods-watchOS-heartrate WatchKit Extension.debug.xcconfig */,
				0AE8F120073A0421B1EEDD06 /* Pods-watchOS-heartrate WatchKit Extension.release.xcconfig */,
			);
			path = Pods;
			sourceTree = "<group>";
		};
		E3782ED42465AA5A00F0D996 = {
			isa = PBXGroup;
			children = (
				E3782EE32465AA5A00F0D996 /* watchOS-heartrate WatchKit App */,
				E3782EF22465AA5B00F0D996 /* watchOS-heartrate WatchKit Extension */,
				E3782EDC2465AA5A00F0D996 /* Products */,
				E3782F0B2465AD5900F0D996 /* Frameworks */,
				AFDD7113C543EFDEA2C90465 /* Pods */,
			);
			sourceTree = "<group>";
		};
		E3782EDC2465AA5A00F0D996 /* Products */ = {
			isa = PBXGroup;
			children = (
				E3782EDB2465AA5A00F0D996 /* watchOS-heartrate.app */,
				E3782EDF2465AA5A00F0D996 /* watchOS-heartrate WatchKit App.app */,
				E3782EEE2465AA5B00F0D996 /* watchOS-heartrate WatchKit Extension.appex */,
			);
			name = Products;
			sourceTree = "<group>";
		};
		E3782EE32465AA5A00F0D996 /* watchOS-heartrate WatchKit App */ = {
			isa = PBXGroup;
			children = (
				E3782EE42465AA5A00F0D996 /* Interface.storyboard */,
				E3782EE72465AA5B00F0D996 /* Assets.xcassets */,
				E3782EE92465AA5B00F0D996 /* Info.plist */,
				519D49FE25473B54005F813D /* GoogleService-Info.plist */,
			);
			path = "watchOS-heartrate WatchKit App";
			sourceTree = "<group>";
		};
		E3782EF22465AA5B00F0D996 /* watchOS-heartrate WatchKit Extension */ = {
			isa = PBXGroup;
			children = (
				E3782F0A2465AD5900F0D996 /* watchOS-heartrate WatchKit Extension.entitlements */,
				E3782EF32465AA5B00F0D996 /* InterfaceController.swift */,
				E3782EF52465AA5B00F0D996 /* ExtensionDelegate.swift */,
				E3782EF72465AA5B00F0D996 /* NotificationController.swift */,
				E3782EF92465AA5B00F0D996 /* Assets.xcassets */,
				E3782EFB2465AA5B00F0D996 /* Info.plist */,
				E3782EFC2465AA5B00F0D996 /* PushNotificationPayload.apns */,
			);
			path = "watchOS-heartrate WatchKit Extension";
			sourceTree = "<group>";
		};
		E3782F0B2465AD5900F0D996 /* Frameworks */ = {
			isa = PBXGroup;
			children = (
				E3782F0C2465AD5900F0D996 /* HealthKit.framework */,
				8854A9BBE480E44E907D555C /* Pods_watchOS_heartrate_WatchKit_Extension.framework */,
			);
			name = Frameworks;
			sourceTree = "<group>";
		};
/* End PBXGroup section */

/* Begin PBXNativeTarget section */
		E3782EDA2465AA5A00F0D996 /* watchOS-heartrate */ = {
			isa = PBXNativeTarget;
			buildConfigurationList = E3782F072465AA5B00F0D996 /* Build configuration list for PBXNativeTarget "watchOS-heartrate" */;
			buildPhases = (
				E3782ED92465AA5A00F0D996 /* Resources */,
				E3782F062465AA5B00F0D996 /* Embed Watch Content */,
				7078E546DA7DDF6FC1168A2B /* Frameworks */,
			);
			buildRules = (
			);
			dependencies = (
				E3782EE22465AA5A00F0D996 /* PBXTargetDependency */,
			);
			name = "watchOS-heartrate";
			productName = "watchOS-heartrate";
			productReference = E3782EDB2465AA5A00F0D996 /* watchOS-heartrate.app */;
			productType = "com.apple.product-type.application.watchapp2-container";
		};
		E3782EDE2465AA5A00F0D996 /* watchOS-heartrate WatchKit App */ = {
			isa = PBXNativeTarget;
			buildConfigurationList = E3782F032465AA5B00F0D996 /* Build configuration list for PBXNativeTarget "watchOS-heartrate WatchKit App" */;
			buildPhases = (
				E3782EDD2465AA5A00F0D996 /* Resources */,
				E3782F022465AA5B00F0D996 /* Embed App Extensions */,
				D21A42FECD817B94B4073F43 /* Frameworks */,
			);
			buildRules = (
			);
			dependencies = (
				E3782EF12465AA5B00F0D996 /* PBXTargetDependency */,
			);
			name = "watchOS-heartrate WatchKit App";
			productName = "watchOS-heartrate WatchKit App";
			productReference = E3782EDF2465AA5A00F0D996 /* watchOS-heartrate WatchKit App.app */;
			productType = "com.apple.product-type.application.watchapp2";
		};
		E3782EED2465AA5B00F0D996 /* watchOS-heartrate WatchKit Extension */ = {
			isa = PBXNativeTarget;
			buildConfigurationList = E3782EFF2465AA5B00F0D996 /* Build configuration list for PBXNativeTarget "watchOS-heartrate WatchKit Extension" */;
			buildPhases = (
				FBD856BF6627CF9388D7B776 /* [CP] Check Pods Manifest.lock */,
				E3782EEA2465AA5B00F0D996 /* Sources */,
				E3782EEB2465AA5B00F0D996 /* Frameworks */,
				E3782EEC2465AA5B00F0D996 /* Resources */,
				1C6A143CFA072CD0A851C2CB /* [CP] Embed Pods Frameworks */,
			);
			buildRules = (
			);
			dependencies = (
			);
			name = "watchOS-heartrate WatchKit Extension";
			productName = "watchOS-heartrate WatchKit Extension";
			productReference = E3782EEE2465AA5B00F0D996 /* watchOS-heartrate WatchKit Extension.appex */;
			productType = "com.apple.product-type.watchkit2-extension";
		};
/* End PBXNativeTarget section */

/* Begin PBXProject section */
		E3782ED52465AA5A00F0D996 /* Project object */ = {
			isa = PBXProject;
			attributes = {
				LastSwiftUpdateCheck = 1140;
				LastUpgradeCheck = 1140;
				ORGANIZATIONNAME = yorifuji;
				TargetAttributes = {
					E3782EDA2465AA5A00F0D996 = {
						CreatedOnToolsVersion = 11.4.1;
					};
					E3782EDE2465AA5A00F0D996 = {
						CreatedOnToolsVersion = 11.4.1;
					};
					E3782EED2465AA5B00F0D996 = {
						CreatedOnToolsVersion = 11.4.1;
					};
				};
			};
			buildConfigurationList = E3782ED82465AA5A00F0D996 /* Build configuration list for PBXProject "watchOS-heartrate" */;
			compatibilityVersion = "Xcode 9.3";
			developmentRegion = en;
			hasScannedForEncodings = 0;
			knownRegions = (
				en,
				Base,
			);
			mainGroup = E3782ED42465AA5A00F0D996;
			productRefGroup = E3782EDC2465AA5A00F0D996 /* Products */;
			projectDirPath = "";
			projectRoot = "";
			targets = (
				E3782EDA2465AA5A00F0D996 /* watchOS-heartrate */,
				E3782EDE2465AA5A00F0D996 /* watchOS-heartrate WatchKit App */,
				E3782EED2465AA5B00F0D996 /* watchOS-heartrate WatchKit Extension */,
			);
		};
/* End PBXProject section */

/* Begin PBXResourcesBuildPhase section */
		E3782ED92465AA5A00F0D996 /* Resources */ = {
			isa = PBXResourcesBuildPhase;
			buildActionMask = 2147483647;
			files = (
				519D49FF25473B54005F813D /* GoogleService-Info.plist in Resources */,
			);
			runOnlyForDeploymentPostprocessing = 0;
		};
		E3782EDD2465AA5A00F0D996 /* Resources */ = {
			isa = PBXResourcesBuildPhase;
			buildActionMask = 2147483647;
			files = (
				E3782EE82465AA5B00F0D996 /* Assets.xcassets in Resources */,
				E3782EE62465AA5A00F0D996 /* Interface.storyboard in Resources */,
				519D4A0025473B54005F813D /* GoogleService-Info.plist in Resources */,
			);
			runOnlyForDeploymentPostprocessing = 0;
		};
		E3782EEC2465AA5B00F0D996 /* Resources */ = {
			isa = PBXResourcesBuildPhase;
			buildActionMask = 2147483647;
			files = (
				E3782EFA2465AA5B00F0D996 /* Assets.xcassets in Resources */,
				519D4A0125473B54005F813D /* GoogleService-Info.plist in Resources */,
			);
			runOnlyForDeploymentPostprocessing = 0;
		};
/* End PBXResourcesBuildPhase section */

/* Begin PBXShellScriptBuildPhase section */
		1C6A143CFA072CD0A851C2CB /* [CP] Embed Pods Frameworks */ = {
			isa = PBXShellScriptBuildPhase;
			buildActionMask = 2147483647;
			files = (
			);
			inputFileListPaths = (
				"${PODS_ROOT}/Target Support Files/Pods-watchOS-heartrate WatchKit Extension/Pods-watchOS-heartrate WatchKit Extension-frameworks-${CONFIGURATION}-input-files.xcfilelist",
			);
			name = "[CP] Embed Pods Frameworks";
			outputFileListPaths = (
				"${PODS_ROOT}/Target Support Files/Pods-watchOS-heartrate WatchKit Extension/Pods-watchOS-heartrate WatchKit Extension-frameworks-${CONFIGURATION}-output-files.xcfilelist",
			);
			runOnlyForDeploymentPostprocessing = 0;
			shellPath = /bin/sh;
			shellScript = "\"${PODS_ROOT}/Target Support Files/Pods-watchOS-heartrate WatchKit Extension/Pods-watchOS-heartrate WatchKit Extension-frameworks.sh\"\n";
			showEnvVarsInLog = 0;
		};
		FBD856BF6627CF9388D7B776 /* [CP] Check Pods Manifest.lock */ = {
			isa = PBXShellScriptBuildPhase;
			buildActionMask = 2147483647;
			files = (
			);
			inputFileListPaths = (
			);
			inputPaths = (
				"${PODS_PODFILE_DIR_PATH}/Podfile.lock",
				"${PODS_ROOT}/Manifest.lock",
			);
			name = "[CP] Check Pods Manifest.lock";
			outputFileListPaths = (
			);
			outputPaths = (
				"$(DERIVED_FILE_DIR)/Pods-watchOS-heartrate WatchKit Extension-checkManifestLockResult.txt",
			);
			runOnlyForDeploymentPostprocessing = 0;
			shellPath = /bin/sh;
			shellScript = "diff \"${PODS_PODFILE_DIR_PATH}/Podfile.lock\" \"${PODS_ROOT}/Manifest.lock\" > /dev/null\nif [ $? != 0 ] ; then\n    # print error to STDERR\n    echo \"error: The sandbox is not in sync with the Podfile.lock. Run 'pod install' or update your CocoaPods installation.\" >&2\n    exit 1\nfi\n# This output is used by Xcode 'outputs' to avoid re-running this script phase.\necho \"SUCCESS\" > \"${SCRIPT_OUTPUT_FILE_0}\"\n";
			showEnvVarsInLog = 0;
		};
/* End PBXShellScriptBuildPhase section */

/* Begin PBXSourcesBuildPhase section */
		E3782EEA2465AA5B00F0D996 /* Sources */ = {
			isa = PBXSourcesBuildPhase;
			buildActionMask = 2147483647;
			files = (
				E3782EF82465AA5B00F0D996 /* NotificationController.swift in Sources */,
				E3782EF62465AA5B00F0D996 /* ExtensionDelegate.swift in Sources */,
				E3782EF42465AA5B00F0D996 /* InterfaceController.swift in Sources */,
			);
			runOnlyForDeploymentPostprocessing = 0;
		};
/* End PBXSourcesBuildPhase section */

/* Begin PBXTargetDependency section */
		E3782EE22465AA5A00F0D996 /* PBXTargetDependency */ = {
			isa = PBXTargetDependency;
			target = E3782EDE2465AA5A00F0D996 /* watchOS-heartrate WatchKit App */;
			targetProxy = E3782EE12465AA5A00F0D996 /* PBXContainerItemProxy */;
		};
		E3782EF12465AA5B00F0D996 /* PBXTargetDependency */ = {
			isa = PBXTargetDependency;
			target = E3782EED2465AA5B00F0D996 /* watchOS-heartrate WatchKit Extension */;
			targetProxy = E3782EF02465AA5B00F0D996 /* PBXContainerItemProxy */;
		};
/* End PBXTargetDependency section */

/* Begin PBXVariantGroup section */
		E3782EE42465AA5A00F0D996 /* Interface.storyboard */ = {
			isa = PBXVariantGroup;
			children = (
				E3782EE52465AA5A00F0D996 /* Base */,
			);
			name = Interface.storyboard;
			sourceTree = "<group>";
		};
/* End PBXVariantGroup section */

/* Begin XCBuildConfiguration section */
		E3782EFD2465AA5B00F0D996 /* Debug */ = {
			isa = XCBuildConfiguration;
			buildSettings = {
				ALWAYS_SEARCH_USER_PATHS = NO;
				CLANG_ANALYZER_NONNULL = YES;
				CLANG_ANALYZER_NUMBER_OBJECT_CONVERSION = YES_AGGRESSIVE;
				CLANG_CXX_LANGUAGE_STANDARD = "gnu++14";
				CLANG_CXX_LIBRARY = "libc++";
				CLANG_ENABLE_MODULES = YES;
				CLANG_ENABLE_OBJC_ARC = YES;
				CLANG_ENABLE_OBJC_WEAK = YES;
				CLANG_WARN_BLOCK_CAPTURE_AUTORELEASING = YES;
				CLANG_WARN_BOOL_CONVERSION = YES;
				CLANG_WARN_COMMA = YES;
				CLANG_WARN_CONSTANT_CONVERSION = YES;
				CLANG_WARN_DEPRECATED_OBJC_IMPLEMENTATIONS = YES;
				CLANG_WARN_DIRECT_OBJC_ISA_USAGE = YES_ERROR;
				CLANG_WARN_DOCUMENTATION_COMMENTS = YES;
				CLANG_WARN_EMPTY_BODY = YES;
				CLANG_WARN_ENUM_CONVERSION = YES;
				CLANG_WARN_INFINITE_RECURSION = YES;
				CLANG_WARN_INT_CONVERSION = YES;
				CLANG_WARN_NON_LITERAL_NULL_CONVERSION = YES;
				CLANG_WARN_OBJC_IMPLICIT_RETAIN_SELF = YES;
				CLANG_WARN_OBJC_LITERAL_CONVERSION = YES;
				CLANG_WARN_OBJC_ROOT_CLASS = YES_ERROR;
				CLANG_WARN_RANGE_LOOP_ANALYSIS = YES;
				CLANG_WARN_STRICT_PROTOTYPES = YES;
				CLANG_WARN_SUSPICIOUS_MOVE = YES;
				CLANG_WARN_UNGUARDED_AVAILABILITY = YES_AGGRESSIVE;
				CLANG_WARN_UNREACHABLE_CODE = YES;
				CLANG_WARN__DUPLICATE_METHOD_MATCH = YES;
				COPY_PHASE_STRIP = NO;
				DEBUG_INFORMATION_FORMAT = dwarf;
				ENABLE_STRICT_OBJC_MSGSEND = YES;
				ENABLE_TESTABILITY = YES;
				GCC_C_LANGUAGE_STANDARD = gnu11;
				GCC_DYNAMIC_NO_PIC = NO;
				GCC_NO_COMMON_BLOCKS = YES;
				GCC_OPTIMIZATION_LEVEL = 0;
				GCC_PREPROCESSOR_DEFINITIONS = (
					"DEBUG=1",
					"$(inherited)",
				);
				GCC_WARN_64_TO_32_BIT_CONVERSION = YES;
				GCC_WARN_ABOUT_RETURN_TYPE = YES_ERROR;
				GCC_WARN_UNDECLARED_SELECTOR = YES;
				GCC_WARN_UNINITIALIZED_AUTOS = YES_AGGRESSIVE;
				GCC_WARN_UNUSED_FUNCTION = YES;
				GCC_WARN_UNUSED_VARIABLE = YES;
				MTL_ENABLE_DEBUG_INFO = INCLUDE_SOURCE;
				MTL_FAST_MATH = YES;
				ONLY_ACTIVE_ARCH = YES;
				SDKROOT = iphoneos;
				SWIFT_ACTIVE_COMPILATION_CONDITIONS = DEBUG;
				SWIFT_OPTIMIZATION_LEVEL = "-Onone";
			};
			name = Debug;
		};
		E3782EFE2465AA5B00F0D996 /* Release */ = {
			isa = XCBuildConfiguration;
			buildSettings = {
				ALWAYS_SEARCH_USER_PATHS = NO;
				CLANG_ANALYZER_NONNULL = YES;
				CLANG_ANALYZER_NUMBER_OBJECT_CONVERSION = YES_AGGRESSIVE;
				CLANG_CXX_LANGUAGE_STANDARD = "gnu++14";
				CLANG_CXX_LIBRARY = "libc++";
				CLANG_ENABLE_MODULES = YES;
				CLANG_ENABLE_OBJC_ARC = YES;
				CLANG_ENABLE_OBJC_WEAK = YES;
				CLANG_WARN_BLOCK_CAPTURE_AUTORELEASING = YES;
				CLANG_WARN_BOOL_CONVERSION = YES;
				CLANG_WARN_COMMA = YES;
				CLANG_WARN_CONSTANT_CONVERSION = YES;
				CLANG_WARN_DEPRECATED_OBJC_IMPLEMENTATIONS = YES;
				CLANG_WARN_DIRECT_OBJC_ISA_USAGE = YES_ERROR;
				CLANG_WARN_DOCUMENTATION_COMMENTS = YES;
				CLANG_WARN_EMPTY_BODY = YES;
				CLANG_WARN_ENUM_CONVERSION = YES;
				CLANG_WARN_INFINITE_RECURSION = YES;
				CLANG_WARN_INT_CONVERSION = YES;
				CLANG_WARN_NON_LITERAL_NULL_CONVERSION = YES;
				CLANG_WARN_OBJC_IMPLICIT_RETAIN_SELF = YES;
				CLANG_WARN_OBJC_LITERAL_CONVERSION = YES;
				CLANG_WARN_OBJC_ROOT_CLASS = YES_ERROR;
				CLANG_WARN_RANGE_LOOP_ANALYSIS = YES;
				CLANG_WARN_STRICT_PROTOTYPES = YES;
				CLANG_WARN_SUSPICIOUS_MOVE = YES;
				CLANG_WARN_UNGUARDED_AVAILABILITY = YES_AGGRESSIVE;
				CLANG_WARN_UNREACHABLE_CODE = YES;
				CLANG_WARN__DUPLICATE_METHOD_MATCH = YES;
				COPY_PHASE_STRIP = NO;
				DEBUG_INFORMATION_FORMAT = "dwarf-with-dsym";
				ENABLE_NS_ASSERTIONS = NO;
				ENABLE_STRICT_OBJC_MSGSEND = YES;
				GCC_C_LANGUAGE_STANDARD = gnu11;
				GCC_NO_COMMON_BLOCKS = YES;
				GCC_WARN_64_TO_32_BIT_CONVERSION = YES;
				GCC_WARN_ABOUT_RETURN_TYPE = YES_ERROR;
				GCC_WARN_UNDECLARED_SELECTOR = YES;
				GCC_WARN_UNINITIALIZED_AUTOS = YES_AGGRESSIVE;
				GCC_WARN_UNUSED_FUNCTION = YES;
				GCC_WARN_UNUSED_VARIABLE = YES;
				MTL_ENABLE_DEBUG_INFO = NO;
				MTL_FAST_MATH = YES;
				SDKROOT = iphoneos;
				SWIFT_COMPILATION_MODE = wholemodule;
				SWIFT_OPTIMIZATION_LEVEL = "-O";
				VALIDATE_PRODUCT = YES;
			};
			name = Release;
		};
		E3782F002465AA5B00F0D996 /* Debug */ = {
			isa = XCBuildConfiguration;
			baseConfigurationReference = 29EA075FFAA930E58A44DF25 /* Pods-watchOS-heartrate WatchKit Extension.debug.xcconfig */;
			buildSettings = {
				ASSETCATALOG_COMPILER_COMPLICATION_NAME = Complication;
				CODE_SIGN_ENTITLEMENTS = "watchOS-heartrate WatchKit Extension/watchOS-heartrate WatchKit Extension.entitlements";
				CODE_SIGN_STYLE = Automatic;
				DEVELOPMENT_TEAM = NAGH2RSXUB;
				INFOPLIST_FILE = "watchOS-heartrate WatchKit Extension/Info.plist";
				LD_RUNPATH_SEARCH_PATHS = (
					"$(inherited)",
					"@executable_path/Frameworks",
					"@executable_path/../../Frameworks",
				);
				PRODUCT_BUNDLE_IDENTIFIER = net.momosuke.HealthKitDemo.watchkitapp.watchkitextension;
				PRODUCT_NAME = "${TARGET_NAME}";
				SDKROOT = watchos;
				SKIP_INSTALL = YES;
				SWIFT_VERSION = 5.0;
				TARGETED_DEVICE_FAMILY = 4;
				WATCHOS_DEPLOYMENT_TARGET = 6.2;
			};
			name = Debug;
		};
		E3782F012465AA5B00F0D996 /* Release */ = {
			isa = XCBuildConfiguration;
			baseConfigurationReference = 0AE8F120073A0421B1EEDD06 /* Pods-watchOS-heartrate WatchKit Extension.release.xcconfig */;
			buildSettings = {
				ASSETCATALOG_COMPILER_COMPLICATION_NAME = Complication;
				CODE_SIGN_ENTITLEMENTS = "watchOS-heartrate WatchKit Extension/watchOS-heartrate WatchKit Extension.entitlements";
				CODE_SIGN_STYLE = Automatic;
				DEVELOPMENT_TEAM = NAGH2RSXUB;
				INFOPLIST_FILE = "watchOS-heartrate WatchKit Extension/Info.plist";
				LD_RUNPATH_SEARCH_PATHS = (
					"$(inherited)",
					"@executable_path/Frameworks",
					"@executable_path/../../Frameworks",
				);
				PRODUCT_BUNDLE_IDENTIFIER = net.momosuke.HealthKitDemo.watchkitapp.watchkitextension;
				PRODUCT_NAME = "${TARGET_NAME}";
				SDKROOT = watchos;
				SKIP_INSTALL = YES;
				SWIFT_VERSION = 5.0;
				TARGETED_DEVICE_FAMILY = 4;
				WATCHOS_DEPLOYMENT_TARGET = 6.2;
			};
			name = Release;
		};
		E3782F042465AA5B00F0D996 /* Debug */ = {
			isa = XCBuildConfiguration;
			buildSettings = {
				ALWAYS_EMBED_SWIFT_STANDARD_LIBRARIES = YES;
				ASSETCATALOG_COMPILER_APPICON_NAME = AppIcon;
				CODE_SIGN_STYLE = Automatic;
				DEVELOPMENT_TEAM = NAGH2RSXUB;
				IBSC_MODULE = watchOS_heartrate_WatchKit_Extension;
				INFOPLIST_FILE = "watchOS-heartrate WatchKit App/Info.plist";
				PRODUCT_BUNDLE_IDENTIFIER = net.momosuke.HealthKitDemo.watchkitapp;
				PRODUCT_NAME = "$(TARGET_NAME)";
				SDKROOT = watchos;
				SKIP_INSTALL = YES;
				SWIFT_VERSION = 5.0;
				TARGETED_DEVICE_FAMILY = 4;
				WATCHOS_DEPLOYMENT_TARGET = 6.2;
			};
			name = Debug;
		};
		E3782F052465AA5B00F0D996 /* Release */ = {
			isa = XCBuildConfiguration;
			buildSettings = {
				ALWAYS_EMBED_SWIFT_STANDARD_LIBRARIES = YES;
				ASSETCATALOG_COMPILER_APPICON_NAME = AppIcon;
				CODE_SIGN_STYLE = Automatic;
				DEVELOPMENT_TEAM = NAGH2RSXUB;
				IBSC_MODULE = watchOS_heartrate_WatchKit_Extension;
				INFOPLIST_FILE = "watchOS-heartrate WatchKit App/Info.plist";
				PRODUCT_BUNDLE_IDENTIFIER = net.momosuke.HealthKitDemo.watchkitapp;
				PRODUCT_NAME = "$(TARGET_NAME)";
				SDKROOT = watchos;
				SKIP_INSTALL = YES;
				SWIFT_VERSION = 5.0;
				TARGETED_DEVICE_FAMILY = 4;
				WATCHOS_DEPLOYMENT_TARGET = 6.2;
			};
			name = Release;
		};
		E3782F082465AA5B00F0D996 /* Debug */ = {
			isa = XCBuildConfiguration;
			buildSettings = {
				CODE_SIGN_STYLE = Automatic;
				CURRENT_PROJECT_VERSION = 1;
				DEVELOPMENT_TEAM = NAGH2RSXUB;
				MARKETING_VERSION = 1.0;
				PRODUCT_BUNDLE_IDENTIFIER = net.momosuke.HealthKitDemo;
				PRODUCT_NAME = "$(TARGET_NAME)";
				SWIFT_VERSION = 5.0;
			};
			name = Debug;
		};
		E3782F092465AA5B00F0D996 /* Release */ = {
			isa = XCBuildConfiguration;
			buildSettings = {
				CODE_SIGN_STYLE = Automatic;
				CURRENT_PROJECT_VERSION = 1;
				DEVELOPMENT_TEAM = NAGH2RSXUB;
				MARKETING_VERSION = 1.0;
				PRODUCT_BUNDLE_IDENTIFIER = net.momosuke.HealthKitDemo;
				PRODUCT_NAME = "$(TARGET_NAME)";
				SWIFT_VERSION = 5.0;
			};
			name = Release;
		};
/* End XCBuildConfiguration section */

/* Begin XCConfigurationList section */
		E3782ED82465AA5A00F0D996 /* Build configuration list for PBXProject "watchOS-heartrate" */ = {
			isa = XCConfigurationList;
			buildConfigurations = (
				E3782EFD2465AA5B00F0D996 /* Debug */,
				E3782EFE2465AA5B00F0D996 /* Release */,
			);
			defaultConfigurationIsVisible = 0;
			defaultConfigurationName = Release;
		};
		E3782EFF2465AA5B00F0D996 /* Build configuration list for PBXNativeTarget "watchOS-heartrate WatchKit Extension" */ = {
			isa = XCConfigurationList;
			buildConfigurations = (
				E3782F002465AA5B00F0D996 /* Debug */,
				E3782F012465AA5B00F0D996 /* Release */,
			);
			defaultConfigurationIsVisible = 0;
			defaultConfigurationName = Release;
		};
		E3782F032465AA5B00F0D996 /* Build configuration list for PBXNativeTarget "watchOS-heartrate WatchKit App" */ = {
			isa = XCConfigurationList;
			buildConfigurations = (
				E3782F042465AA5B00F0D996 /* Debug */,
				E3782F052465AA5B00F0D996 /* Release */,
			);
			defaultConfigurationIsVisible = 0;
			defaultConfigurationName = Release;
		};
		E3782F072465AA5B00F0D996 /* Build configuration list for PBXNativeTarget "watchOS-heartrate" */ = {
			isa = XCConfigurationList;
			buildConfigurations = (
				E3782F082465AA5B00F0D996 /* Debug */,
				E3782F092465AA5B00F0D996 /* Release */,
			);
			defaultConfigurationIsVisible = 0;
			defaultConfigurationName = Release;
		};
/* End XCConfigurationList section */
	};
	rootObject = E3782ED52465AA5A00F0D996 /* Project object */;
}
